// !$*UTF8*$!
{
	archiveVersion = 1;
	classes = {
	};
	objectVersion = 50;
	objects = {

/* Begin PBXBuildFile section */
		7805A89C250252F6000B0907 /* AppDelegate.swift in Sources */ = {isa = PBXBuildFile; fileRef = 7805A89B250252F6000B0907 /* AppDelegate.swift */; };
		7805A8A3250252F6000B0907 /* Main.storyboard in Resources */ = {isa = PBXBuildFile; fileRef = 7805A8A1250252F6000B0907 /* Main.storyboard */; };
		7805A8A5250252FA000B0907 /* Assets.xcassets in Resources */ = {isa = PBXBuildFile; fileRef = 7805A8A4250252FA000B0907 /* Assets.xcassets */; };
		7805A8A8250252FA000B0907 /* LaunchScreen.storyboard in Resources */ = {isa = PBXBuildFile; fileRef = 7805A8A6250252FA000B0907 /* LaunchScreen.storyboard */; };
		7805A8B02502551A000B0907 /* CoreMLObjectDetector.swift in Sources */ = {isa = PBXBuildFile; fileRef = 7805A8AF2502551A000B0907 /* CoreMLObjectDetector.swift */; };
		7805A8B325025DFF000B0907 /* Underhood.mlmodel in Sources */ = {isa = PBXBuildFile; fileRef = 7805A8B225025DFF000B0907 /* Underhood.mlmodel */; };
		7805A8B5250267C3000B0907 /* Logger.swift in Sources */ = {isa = PBXBuildFile; fileRef = 7805A8B4250267C3000B0907 /* Logger.swift */; };
		7805A8B72503B252000B0907 /* UnderHoodDetector.swift in Sources */ = {isa = PBXBuildFile; fileRef = 7805A8B62503B252000B0907 /* UnderHoodDetector.swift */; };
		7827B06E251F33AC00121BC9 /* GuideScenes.rcproject in Sources */ = {isa = PBXBuildFile; fileRef = 7827B06D251F33AC00121BC9 /* GuideScenes.rcproject */; };
		787276A42506DE8B00864871 /* MainViewController.swift in Sources */ = {isa = PBXBuildFile; fileRef = 787276A32506DE8B00864871 /* MainViewController.swift */; };
		787276A7250ACD6A00864871 /* MainViewModel.swift in Sources */ = {isa = PBXBuildFile; fileRef = 787276A6250ACD6A00864871 /* MainViewModel.swift */; };
		787276AA250ACDA400864871 /* CGRect.swift in Sources */ = {isa = PBXBuildFile; fileRef = 787276A9250ACDA400864871 /* CGRect.swift */; };
		787276AC250ACE4000864871 /* Entities.swift in Sources */ = {isa = PBXBuildFile; fileRef = 787276AB250ACE4000864871 /* Entities.swift */; };
		787276AE250ACE8B00864871 /* ProcessResult.swift in Sources */ = {isa = PBXBuildFile; fileRef = 787276AD250ACE8B00864871 /* ProcessResult.swift */; };
		787276B0250AD36D00864871 /* DetectorResult.swift in Sources */ = {isa = PBXBuildFile; fileRef = 787276AF250AD36D00864871 /* DetectorResult.swift */; };
		787276B2250AD54400864871 /* ARCoachingOverlayViewDelegate.swift in Sources */ = {isa = PBXBuildFile; fileRef = 787276B1250AD54400864871 /* ARCoachingOverlayViewDelegate.swift */; };
/* End PBXBuildFile section */

/* Begin PBXFileReference section */
		7805A898250252F6000B0907 /* ARCarGuide.app */ = {isa = PBXFileReference; explicitFileType = wrapper.application; includeInIndex = 0; path = ARCarGuide.app; sourceTree = BUILT_PRODUCTS_DIR; };
		7805A89B250252F6000B0907 /* AppDelegate.swift */ = {isa = PBXFileReference; lastKnownFileType = sourcecode.swift; path = AppDelegate.swift; sourceTree = "<group>"; };
		7805A8A2250252F6000B0907 /* Base */ = {isa = PBXFileReference; lastKnownFileType = file.storyboard; name = Base; path = Base.lproj/Main.storyboard; sourceTree = "<group>"; };
		7805A8A4250252FA000B0907 /* Assets.xcassets */ = {isa = PBXFileReference; lastKnownFileType = folder.assetcatalog; path = Assets.xcassets; sourceTree = "<group>"; };
		7805A8A7250252FA000B0907 /* Base */ = {isa = PBXFileReference; lastKnownFileType = file.storyboard; name = Base; path = Base.lproj/LaunchScreen.storyboard; sourceTree = "<group>"; };
		7805A8A9250252FA000B0907 /* Info.plist */ = {isa = PBXFileReference; lastKnownFileType = text.plist.xml; path = Info.plist; sourceTree = "<group>"; };
		7805A8AF2502551A000B0907 /* CoreMLObjectDetector.swift */ = {isa = PBXFileReference; lastKnownFileType = sourcecode.swift; path = CoreMLObjectDetector.swift; sourceTree = "<group>"; };
		7805A8B225025DFF000B0907 /* Underhood.mlmodel */ = {isa = PBXFileReference; lastKnownFileType = file.mlmodel; path = Underhood.mlmodel; sourceTree = "<group>"; };
		7805A8B4250267C3000B0907 /* Logger.swift */ = {isa = PBXFileReference; lastKnownFileType = sourcecode.swift; path = Logger.swift; sourceTree = "<group>"; };
		7805A8B62503B252000B0907 /* UnderHoodDetector.swift */ = {isa = PBXFileReference; lastKnownFileType = sourcecode.swift; path = UnderHoodDetector.swift; sourceTree = "<group>"; };
		7827B06D251F33AC00121BC9 /* GuideScenes.rcproject */ = {isa = PBXFileReference; lastKnownFileType = file.rcproject; path = GuideScenes.rcproject; sourceTree = "<group>"; };
		787276A225056ABC00864871 /* AR Session - katan & willy.mov */ = {isa = PBXFileReference; lastKnownFileType = video.quicktime; path = "AR Session - katan & willy.mov"; sourceTree = "<group>"; };
		787276A32506DE8B00864871 /* MainViewController.swift */ = {isa = PBXFileReference; lastKnownFileType = sourcecode.swift; path = MainViewController.swift; sourceTree = "<group>"; };
		787276A6250ACD6A00864871 /* MainViewModel.swift */ = {isa = PBXFileReference; lastKnownFileType = sourcecode.swift; path = MainViewModel.swift; sourceTree = "<group>"; };
		787276A9250ACDA400864871 /* CGRect.swift */ = {isa = PBXFileReference; lastKnownFileType = sourcecode.swift; path = CGRect.swift; sourceTree = "<group>"; };
		787276AB250ACE4000864871 /* Entities.swift */ = {isa = PBXFileReference; lastKnownFileType = sourcecode.swift; path = Entities.swift; sourceTree = "<group>"; };
		787276AD250ACE8B00864871 /* ProcessResult.swift */ = {isa = PBXFileReference; lastKnownFileType = sourcecode.swift; path = ProcessResult.swift; sourceTree = "<group>"; };
		787276AF250AD36D00864871 /* DetectorResult.swift */ = {isa = PBXFileReference; lastKnownFileType = sourcecode.swift; path = DetectorResult.swift; sourceTree = "<group>"; };
		787276B1250AD54400864871 /* ARCoachingOverlayViewDelegate.swift */ = {isa = PBXFileReference; lastKnownFileType = sourcecode.swift; path = ARCoachingOverlayViewDelegate.swift; sourceTree = "<group>"; };
		78B4BEEE250406F600837181 /* AR Session - mazda again.mov */ = {isa = PBXFileReference; lastKnownFileType = video.quicktime; path = "AR Session - mazda again.mov"; sourceTree = "<group>"; };
/* End PBXFileReference section */

/* Begin PBXFrameworksBuildPhase section */
		7805A895250252F6000B0907 /* Frameworks */ = {
			isa = PBXFrameworksBuildPhase;
			buildActionMask = 2147483647;
			files = (
			);
			runOnlyForDeploymentPostprocessing = 0;
		};
/* End PBXFrameworksBuildPhase section */

/* Begin PBXGroup section */
		7805A88F250252F6000B0907 = {
			isa = PBXGroup;
			children = (
				7827B06D251F33AC00121BC9 /* GuideScenes.rcproject */,
				787276A225056ABC00864871 /* AR Session - katan & willy.mov */,
				78B4BEEE250406F600837181 /* AR Session - mazda again.mov */,
				7805A89A250252F6000B0907 /* ARCarGuide */,
				7805A899250252F6000B0907 /* Products */,
			);
			sourceTree = "<group>";
		};
		7805A899250252F6000B0907 /* Products */ = {
			isa = PBXGroup;
			children = (
				7805A898250252F6000B0907 /* ARCarGuide.app */,
			);
			name = Products;
			sourceTree = "<group>";
		};
		7805A89A250252F6000B0907 /* ARCarGuide */ = {
			isa = PBXGroup;
			children = (
				7805A8B125025DC2000B0907 /* CoreML */,
				787276A5250ACD5600864871 /* Main */,
				7805A8B82503B2CB000B0907 /* Detectors */,
				787276A8250ACD7800864871 /* Helpers */,
				7805A89B250252F6000B0907 /* AppDelegate.swift */,
				7805A8A1250252F6000B0907 /* Main.storyboard */,
				7805A8A4250252FA000B0907 /* Assets.xcassets */,
				7805A8A6250252FA000B0907 /* LaunchScreen.storyboard */,
				7805A8A9250252FA000B0907 /* Info.plist */,
			);
			path = ARCarGuide;
			sourceTree = "<group>";
		};
		7805A8B125025DC2000B0907 /* CoreML */ = {
			isa = PBXGroup;
			children = (
				7805A8B225025DFF000B0907 /* Underhood.mlmodel */,
			);
			path = CoreML;
			sourceTree = "<group>";
		};
		7805A8B82503B2CB000B0907 /* Detectors */ = {
			isa = PBXGroup;
			children = (
				7805A8B62503B252000B0907 /* UnderHoodDetector.swift */,
				7805A8AF2502551A000B0907 /* CoreMLObjectDetector.swift */,
				787276AF250AD36D00864871 /* DetectorResult.swift */,
			);
			path = Detectors;
			sourceTree = "<group>";
		};
		787276A5250ACD5600864871 /* Main */ = {
			isa = PBXGroup;
			children = (
				787276A32506DE8B00864871 /* MainViewController.swift */,
				787276A6250ACD6A00864871 /* MainViewModel.swift */,
				787276AD250ACE8B00864871 /* ProcessResult.swift */,
			);
			path = Main;
			sourceTree = "<group>";
		};
		787276A8250ACD7800864871 /* Helpers */ = {
			isa = PBXGroup;
			children = (
				7805A8B4250267C3000B0907 /* Logger.swift */,
				787276A9250ACDA400864871 /* CGRect.swift */,
				787276AB250ACE4000864871 /* Entities.swift */,
				787276B1250AD54400864871 /* ARCoachingOverlayViewDelegate.swift */,
			);
			path = Helpers;
			sourceTree = "<group>";
		};
/* End PBXGroup section */

/* Begin PBXNativeTarget section */
		7805A897250252F6000B0907 /* ARCarGuide */ = {
			isa = PBXNativeTarget;
			buildConfigurationList = 7805A8AC250252FA000B0907 /* Build configuration list for PBXNativeTarget "ARCarGuide" */;
			buildPhases = (
				7805A894250252F6000B0907 /* Sources */,
				7805A895250252F6000B0907 /* Frameworks */,
				7805A896250252F6000B0907 /* Resources */,
			);
			buildRules = (
			);
			dependencies = (
			);
			name = ARCarGuide;
			productName = ARCarGuide;
			productReference = 7805A898250252F6000B0907 /* ARCarGuide.app */;
			productType = "com.apple.product-type.application";
		};
/* End PBXNativeTarget section */

/* Begin PBXProject section */
		7805A890250252F6000B0907 /* Project object */ = {
			isa = PBXProject;
			attributes = {
				LastSwiftUpdateCheck = 1160;
				LastUpgradeCheck = 1160;
				ORGANIZATIONNAME = none;
				TargetAttributes = {
					7805A897250252F6000B0907 = {
						CreatedOnToolsVersion = 11.6;
					};
				};
			};
			buildConfigurationList = 7805A893250252F6000B0907 /* Build configuration list for PBXProject "ARCarGuide" */;
			compatibilityVersion = "Xcode 9.3";
			developmentRegion = en;
			hasScannedForEncodings = 0;
			knownRegions = (
				en,
				Base,
			);
			mainGroup = 7805A88F250252F6000B0907;
			productRefGroup = 7805A899250252F6000B0907 /* Products */;
			projectDirPath = "";
			projectRoot = "";
			targets = (
				7805A897250252F6000B0907 /* ARCarGuide */,
			);
		};
/* End PBXProject section */

/* Begin PBXResourcesBuildPhase section */
		7805A896250252F6000B0907 /* Resources */ = {
			isa = PBXResourcesBuildPhase;
			buildActionMask = 2147483647;
			files = (
				7805A8A8250252FA000B0907 /* LaunchScreen.storyboard in Resources */,
				7805A8A5250252FA000B0907 /* Assets.xcassets in Resources */,
				7805A8A3250252F6000B0907 /* Main.storyboard in Resources */,
			);
			runOnlyForDeploymentPostprocessing = 0;
		};
/* End PBXResourcesBuildPhase section */

/* Begin PBXSourcesBuildPhase section */
		7805A894250252F6000B0907 /* Sources */ = {
			isa = PBXSourcesBuildPhase;
			buildActionMask = 2147483647;
			files = (
				787276A7250ACD6A00864871 /* MainViewModel.swift in Sources */,
				7805A8B72503B252000B0907 /* UnderHoodDetector.swift in Sources */,
				7805A8B5250267C3000B0907 /* Logger.swift in Sources */,
				7805A8B02502551A000B0907 /* CoreMLObjectDetector.swift in Sources */,
				787276B0250AD36D00864871 /* DetectorResult.swift in Sources */,
				787276B2250AD54400864871 /* ARCoachingOverlayViewDelegate.swift in Sources */,
				787276AE250ACE8B00864871 /* ProcessResult.swift in Sources */,
				7805A8B325025DFF000B0907 /* Underhood.mlmodel in Sources */,
				7805A89C250252F6000B0907 /* AppDelegate.swift in Sources */,
				7827B06E251F33AC00121BC9 /* GuideScenes.rcproject in Sources */,
				787276AC250ACE4000864871 /* Entities.swift in Sources */,
				787276A42506DE8B00864871 /* MainViewController.swift in Sources */,
				787276AA250ACDA400864871 /* CGRect.swift in Sources */,
			);
			runOnlyForDeploymentPostprocessing = 0;
		};
/* End PBXSourcesBuildPhase section */

/* Begin PBXVariantGroup section */
		7805A8A1250252F6000B0907 /* Main.storyboard */ = {
			isa = PBXVariantGroup;
			children = (
				7805A8A2250252F6000B0907 /* Base */,
			);
			name = Main.storyboard;
			sourceTree = "<group>";
		};
		7805A8A6250252FA000B0907 /* LaunchScreen.storyboard */ = {
			isa = PBXVariantGroup;
			children = (
				7805A8A7250252FA000B0907 /* Base */,
			);
			name = LaunchScreen.storyboard;
			sourceTree = "<group>";
		};
/* End PBXVariantGroup section */

/* Begin XCBuildConfiguration section */
		7805A8AA250252FA000B0907 /* Debug */ = {
			isa = XCBuildConfiguration;
			buildSettings = {
				ALWAYS_SEARCH_USER_PATHS = NO;
				CLANG_ANALYZER_NONNULL = YES;
				CLANG_ANALYZER_NUMBER_OBJECT_CONVERSION = YES_AGGRESSIVE;
				CLANG_CXX_LANGUAGE_STANDARD = "gnu++14";
				CLANG_CXX_LIBRARY = "libc++";
				CLANG_ENABLE_MODULES = YES;
				CLANG_ENABLE_OBJC_ARC = YES;
				CLANG_ENABLE_OBJC_WEAK = YES;
				CLANG_WARN_BLOCK_CAPTURE_AUTORELEASING = YES;
				CLANG_WARN_BOOL_CONVERSION = YES;
				CLANG_WARN_COMMA = YES;
				CLANG_WARN_CONSTANT_CONVERSION = YES;
				CLANG_WARN_DEPRECATED_OBJC_IMPLEMENTATIONS = YES;
				CLANG_WARN_DIRECT_OBJC_ISA_USAGE = YES_ERROR;
				CLANG_WARN_DOCUMENTATION_COMMENTS = YES;
				CLANG_WARN_EMPTY_BODY = YES;
				CLANG_WARN_ENUM_CONVERSION = YES;
				CLANG_WARN_INFINITE_RECURSION = YES;
				CLANG_WARN_INT_CONVERSION = YES;
				CLANG_WARN_NON_LITERAL_NULL_CONVERSION = YES;
				CLANG_WARN_OBJC_IMPLICIT_RETAIN_SELF = YES;
				CLANG_WARN_OBJC_LITERAL_CONVERSION = YES;
				CLANG_WARN_OBJC_ROOT_CLASS = YES_ERROR;
				CLANG_WARN_RANGE_LOOP_ANALYSIS = YES;
				CLANG_WARN_STRICT_PROTOTYPES = YES;
				CLANG_WARN_SUSPICIOUS_MOVE = YES;
				CLANG_WARN_UNGUARDED_AVAILABILITY = YES_AGGRESSIVE;
				CLANG_WARN_UNREACHABLE_CODE = YES;
				CLANG_WARN__DUPLICATE_METHOD_MATCH = YES;
				COPY_PHASE_STRIP = NO;
				DEBUG_INFORMATION_FORMAT = dwarf;
				ENABLE_STRICT_OBJC_MSGSEND = YES;
				ENABLE_TESTABILITY = YES;
				GCC_C_LANGUAGE_STANDARD = gnu11;
				GCC_DYNAMIC_NO_PIC = NO;
				GCC_NO_COMMON_BLOCKS = YES;
				GCC_OPTIMIZATION_LEVEL = 0;
				GCC_PREPROCESSOR_DEFINITIONS = (
					"DEBUG=1",
					"$(inherited)",
				);
				GCC_WARN_64_TO_32_BIT_CONVERSION = YES;
				GCC_WARN_ABOUT_RETURN_TYPE = YES_ERROR;
				GCC_WARN_UNDECLARED_SELECTOR = YES;
				GCC_WARN_UNINITIALIZED_AUTOS = YES_AGGRESSIVE;
				GCC_WARN_UNUSED_FUNCTION = YES;
				GCC_WARN_UNUSED_VARIABLE = YES;
				IPHONEOS_DEPLOYMENT_TARGET = 13.7;
				MTL_ENABLE_DEBUG_INFO = INCLUDE_SOURCE;
				MTL_FAST_MATH = YES;
				ONLY_ACTIVE_ARCH = YES;
				SDKROOT = iphoneos;
				SWIFT_ACTIVE_COMPILATION_CONDITIONS = DEBUG;
				SWIFT_OPTIMIZATION_LEVEL = "-Onone";
			};
			name = Debug;
		};
		7805A8AB250252FA000B0907 /* Release */ = {
			isa = XCBuildConfiguration;
			buildSettings = {
				ALWAYS_SEARCH_USER_PATHS = NO;
				CLANG_ANALYZER_NONNULL = YES;
				CLANG_ANALYZER_NUMBER_OBJECT_CONVERSION = YES_AGGRESSIVE;
				CLANG_CXX_LANGUAGE_STANDARD = "gnu++14";
				CLANG_CXX_LIBRARY = "libc++";
				CLANG_ENABLE_MODULES = YES;
				CLANG_ENABLE_OBJC_ARC = YES;
				CLANG_ENABLE_OBJC_WEAK = YES;
				CLANG_WARN_BLOCK_CAPTURE_AUTORELEASING = YES;
				CLANG_WARN_BOOL_CONVERSION = YES;
				CLANG_WARN_COMMA = YES;
				CLANG_WARN_CONSTANT_CONVERSION = YES;
				CLANG_WARN_DEPRECATED_OBJC_IMPLEMENTATIONS = YES;
				CLANG_WARN_DIRECT_OBJC_ISA_USAGE = YES_ERROR;
				CLANG_WARN_DOCUMENTATION_COMMENTS = YES;
				CLANG_WARN_EMPTY_BODY = YES;
				CLANG_WARN_ENUM_CONVERSION = YES;
				CLANG_WARN_INFINITE_RECURSION = YES;
				CLANG_WARN_INT_CONVERSION = YES;
				CLANG_WARN_NON_LITERAL_NULL_CONVERSION = YES;
				CLANG_WARN_OBJC_IMPLICIT_RETAIN_SELF = YES;
				CLANG_WARN_OBJC_LITERAL_CONVERSION = YES;
				CLANG_WARN_OBJC_ROOT_CLASS = YES_ERROR;
				CLANG_WARN_RANGE_LOOP_ANALYSIS = YES;
				CLANG_WARN_STRICT_PROTOTYPES = YES;
				CLANG_WARN_SUSPICIOUS_MOVE = YES;
				CLANG_WARN_UNGUARDED_AVAILABILITY = YES_AGGRESSIVE;
				CLANG_WARN_UNREACHABLE_CODE = YES;
				CLANG_WARN__DUPLICATE_METHOD_MATCH = YES;
				COPY_PHASE_STRIP = NO;
				DEBUG_INFORMATION_FORMAT = "dwarf-with-dsym";
				ENABLE_NS_ASSERTIONS = NO;
				ENABLE_STRICT_OBJC_MSGSEND = YES;
				GCC_C_LANGUAGE_STANDARD = gnu11;
				GCC_NO_COMMON_BLOCKS = YES;
				GCC_WARN_64_TO_32_BIT_CONVERSION = YES;
				GCC_WARN_ABOUT_RETURN_TYPE = YES_ERROR;
				GCC_WARN_UNDECLARED_SELECTOR = YES;
				GCC_WARN_UNINITIALIZED_AUTOS = YES_AGGRESSIVE;
				GCC_WARN_UNUSED_FUNCTION = YES;
				GCC_WARN_UNUSED_VARIABLE = YES;
				IPHONEOS_DEPLOYMENT_TARGET = 13.7;
				MTL_ENABLE_DEBUG_INFO = NO;
				MTL_FAST_MATH = YES;
				SDKROOT = iphoneos;
				SWIFT_COMPILATION_MODE = wholemodule;
				SWIFT_OPTIMIZATION_LEVEL = "-O";
				VALIDATE_PRODUCT = YES;
			};
			name = Release;
		};
		7805A8AD250252FA000B0907 /* Debug */ = {
			isa = XCBuildConfiguration;
			buildSettings = {
				ASSETCATALOG_COMPILER_APPICON_NAME = AppIcon;
				CODE_SIGN_STYLE = Automatic;
				DEVELOPMENT_TEAM = V3V7SXSS8V;
				INFOPLIST_FILE = ARCarGuide/Info.plist;
				LD_RUNPATH_SEARCH_PATHS = (
					"$(inherited)",
					"@executable_path/Frameworks",
				);
				PRODUCT_BUNDLE_IDENTIFIER = yo.com.ARCarGuide;
				PRODUCT_NAME = "$(TARGET_NAME)";
				SWIFT_VERSION = 5.0;
				TARGETED_DEVICE_FAMILY = "1,2";
			};
			name = Debug;
		};
		7805A8AE250252FA000B0907 /* Release */ = {
			isa = XCBuildConfiguration;
			buildSettings = {
				ASSETCATALOG_COMPILER_APPICON_NAME = AppIcon;
				CODE_SIGN_STYLE = Automatic;
				DEVELOPMENT_TEAM = V3V7SXSS8V;
				INFOPLIST_FILE = ARCarGuide/Info.plist;
				LD_RUNPATH_SEARCH_PATHS = (
					"$(inherited)",
					"@executable_path/Frameworks",
				);
				PRODUCT_BUNDLE_IDENTIFIER = yo.com.ARCarGuide;
				PRODUCT_NAME = "$(TARGET_NAME)";
				SWIFT_VERSION = 5.0;
				TARGETED_DEVICE_FAMILY = "1,2";
			};
			name = Release;
		};
/* End XCBuildConfiguration section */

/* Begin XCConfigurationList section */
		7805A893250252F6000B0907 /* Build configuration list for PBXProject "ARCarGuide" */ = {
			isa = XCConfigurationList;
			buildConfigurations = (
				7805A8AA250252FA000B0907 /* Debug */,
				7805A8AB250252FA000B0907 /* Release */,
			);
			defaultConfigurationIsVisible = 0;
			defaultConfigurationName = Release;
		};
		7805A8AC250252FA000B0907 /* Build configuration list for PBXNativeTarget "ARCarGuide" */ = {
			isa = XCConfigurationList;
			buildConfigurations = (
				7805A8AD250252FA000B0907 /* Debug */,
				7805A8AE250252FA000B0907 /* Release */,
			);
			defaultConfigurationIsVisible = 0;
			defaultConfigurationName = Release;
		};
/* End XCConfigurationList section */
	};
	rootObject = 7805A890250252F6000B0907 /* Project object */;
}
